
Microsoft Visual Studio Solution File, Format Version 12.00
# Visual Studio 15
VisualStudioVersion = 15.0.27428.2015
MinimumVisualStudioVersion = 10.0.40219.1
Project("{FAE04EC0-301F-11D3-BF4B-00C04F79EFBC}") = "MqttClients.Android", "MqttClients\MqttClients.Android\MqttClients.Android.csproj", "{5C10401F-9E48-492E-9575-958C1D7FF60C}"
EndProject
Project("{FAE04EC0-301F-11D3-BF4B-00C04F79EFBC}") = "MqttClients.iOS", "MqttClients\MqttClients.iOS\MqttClients.iOS.csproj", "{B209E0B7-05AF-4A8B-8B12-C48C498D4DD6}"
EndProject
Project("{FAE04EC0-301F-11D3-BF4B-00C04F79EFBC}") = "MqttClients.UWP", "MqttClients\MqttClients.UWP\MqttClients.UWP.csproj", "{A76A6F14-7980-4B08-8632-D8F71DD79D1E}"
EndProject
Project("{FAE04EC0-301F-11D3-BF4B-00C04F79EFBC}") = "MqttClients", "MqttClients\MqttClients\MqttClients.csproj", "{95DD99D7-1CFF-457D-B86D-24D574FE8640}"
EndProject
Global
	GlobalSection(SolutionConfigurationPlatforms) = preSolution
		Ad-Hoc|Any CPU = Ad-Hoc|Any CPU
		Ad-Hoc|ARM = Ad-Hoc|ARM
		Ad-Hoc|iPhone = Ad-Hoc|iPhone
		Ad-Hoc|iPhoneSimulator = Ad-Hoc|iPhoneSimulator
		Ad-Hoc|x64 = Ad-Hoc|x64
		Ad-Hoc|x86 = Ad-Hoc|x86
		AppStore|Any CPU = AppStore|Any CPU
		AppStore|ARM = AppStore|ARM
		AppStore|iPhone = AppStore|iPhone
		AppStore|iPhoneSimulator = AppStore|iPhoneSimulator
		AppStore|x64 = AppStore|x64
		AppStore|x86 = AppStore|x86
		Debug|Any CPU = Debug|Any CPU
		Debug|ARM = Debug|ARM
		Debug|iPhone = Debug|iPhone
		Debug|iPhoneSimulator = Debug|iPhoneSimulator
		Debug|x64 = Debug|x64
		Debug|x86 = Debug|x86
		Release|Any CPU = Release|Any CPU
		Release|ARM = Release|ARM
		Release|iPhone = Release|iPhone
		Release|iPhoneSimulator = Release|iPhoneSimulator
		Release|x64 = Release|x64
		Release|x86 = Release|x86
	EndGlobalSection
	GlobalSection(ProjectConfigurationPlatforms) = postSolution
		{5C10401F-9E48-492E-9575-958C1D7FF60C}.Ad-Hoc|Any CPU.ActiveCfg = Release|Any CPU
		{5C10401F-9E48-492E-9575-958C1D7FF60C}.Ad-Hoc|Any CPU.Build.0 = Release|Any CPU
		{5C10401F-9E48-492E-9575-958C1D7FF60C}.Ad-Hoc|Any CPU.Deploy.0 = Release|Any CPU
		{5C10401F-9E48-492E-9575-958C1D7FF60C}.Ad-Hoc|ARM.ActiveCfg = Release|Any CPU
		{5C10401F-9E48-492E-9575-958C1D7FF60C}.Ad-Hoc|ARM.Build.0 = Release|Any CPU
		{5C10401F-9E48-492E-9575-958C1D7FF60C}.Ad-Hoc|ARM.Deploy.0 = Release|Any CPU
		{5C10401F-9E48-492E-9575-958C1D7FF60C}.Ad-Hoc|iPhone.ActiveCfg = Release|Any CPU
		{5C10401F-9E48-492E-9575-958C1D7FF60C}.Ad-Hoc|iPhone.Build.0 = Release|Any CPU
		{5C10401F-9E48-492E-9575-958C1D7FF60C}.Ad-Hoc|iPhone.Deploy.0 = Release|Any CPU
		{5C10401F-9E48-492E-9575-958C1D7FF60C}.Ad-Hoc|iPhoneSimulator.ActiveCfg = Release|Any CPU
		{5C10401F-9E48-492E-9575-958C1D7FF60C}.Ad-Hoc|iPhoneSimulator.Build.0 = Release|Any CPU
		{5C10401F-9E48-492E-9575-958C1D7FF60C}.Ad-Hoc|iPhoneSimulator.Deploy.0 = Release|Any CPU
		{5C10401F-9E48-492E-9575-958C1D7FF60C}.Ad-Hoc|x64.ActiveCfg = Release|Any CPU
		{5C10401F-9E48-492E-9575-958C1D7FF60C}.Ad-Hoc|x64.Build.0 = Release|Any CPU
		{5C10401F-9E48-492E-9575-958C1D7FF60C}.Ad-Hoc|x64.Deploy.0 = Release|Any CPU
		{5C10401F-9E48-492E-9575-958C1D7FF60C}.Ad-Hoc|x86.ActiveCfg = Release|Any CPU
		{5C10401F-9E48-492E-9575-958C1D7FF60C}.Ad-Hoc|x86.Build.0 = Release|Any CPU
		{5C10401F-9E48-492E-9575-958C1D7FF60C}.Ad-Hoc|x86.Deploy.0 = Release|Any CPU
		{5C10401F-9E48-492E-9575-958C1D7FF60C}.AppStore|Any CPU.ActiveCfg = Release|Any CPU
		{5C10401F-9E48-492E-9575-958C1D7FF60C}.AppStore|Any CPU.Build.0 = Release|Any CPU
		{5C10401F-9E48-492E-9575-958C1D7FF60C}.AppStore|Any CPU.Deploy.0 = Release|Any CPU
		{5C10401F-9E48-492E-9575-958C1D7FF60C}.AppStore|ARM.ActiveCfg = Release|Any CPU
		{5C10401F-9E48-492E-9575-958C1D7FF60C}.AppStore|ARM.Build.0 = Release|Any CPU
		{5C10401F-9E48-492E-9575-958C1D7FF60C}.AppStore|ARM.Deploy.0 = Release|Any CPU
		{5C10401F-9E48-492E-9575-958C1D7FF60C}.AppStore|iPhone.ActiveCfg = Release|Any CPU
		{5C10401F-9E48-492E-9575-958C1D7FF60C}.AppStore|iPhone.Build.0 = Release|Any CPU
		{5C10401F-9E48-492E-9575-958C1D7FF60C}.AppStore|iPhone.Deploy.0 = Release|Any CPU
		{5C10401F-9E48-492E-9575-958C1D7FF60C}.AppStore|iPhoneSimulator.ActiveCfg = Release|Any CPU
		{5C10401F-9E48-492E-9575-958C1D7FF60C}.AppStore|iPhoneSimulator.Build.0 = Release|Any CPU
		{5C10401F-9E48-492E-9575-958C1D7FF60C}.AppStore|iPhoneSimulator.Deploy.0 = Release|Any CPU
		{5C10401F-9E48-492E-9575-958C1D7FF60C}.AppStore|x64.ActiveCfg = Release|Any CPU
		{5C10401F-9E48-492E-9575-958C1D7FF60C}.AppStore|x64.Build.0 = Release|Any CPU
		{5C10401F-9E48-492E-9575-958C1D7FF60C}.AppStore|x64.Deploy.0 = Release|Any CPU
		{5C10401F-9E48-492E-9575-958C1D7FF60C}.AppStore|x86.ActiveCfg = Release|Any CPU
		{5C10401F-9E48-492E-9575-958C1D7FF60C}.AppStore|x86.Build.0 = Release|Any CPU
		{5C10401F-9E48-492E-9575-958C1D7FF60C}.AppStore|x86.Deploy.0 = Release|Any CPU
		{5C10401F-9E48-492E-9575-958C1D7FF60C}.Debug|Any CPU.ActiveCfg = Debug|Any CPU
		{5C10401F-9E48-492E-9575-958C1D7FF60C}.Debug|Any CPU.Build.0 = Debug|Any CPU
		{5C10401F-9E48-492E-9575-958C1D7FF60C}.Debug|Any CPU.Deploy.0 = Debug|Any CPU
		{5C10401F-9E48-492E-9575-958C1D7FF60C}.Debug|ARM.ActiveCfg = Debug|Any CPU
		{5C10401F-9E48-492E-9575-958C1D7FF60C}.Debug|ARM.Build.0 = Debug|Any CPU
		{5C10401F-9E48-492E-9575-958C1D7FF60C}.Debug|ARM.Deploy.0 = Debug|Any CPU
		{5C10401F-9E48-492E-9575-958C1D7FF60C}.Debug|iPhone.ActiveCfg = Debug|Any CPU
		{5C10401F-9E48-492E-9575-958C1D7FF60C}.Debug|iPhone.Build.0 = Debug|Any CPU
		{5C10401F-9E48-492E-9575-958C1D7FF60C}.Debug|iPhone.Deploy.0 = Debug|Any CPU
		{5C10401F-9E48-492E-9575-958C1D7FF60C}.Debug|iPhoneSimulator.ActiveCfg = Debug|Any CPU
		{5C10401F-9E48-492E-9575-958C1D7FF60C}.Debug|iPhoneSimulator.Build.0 = Debug|Any CPU
		{5C10401F-9E48-492E-9575-958C1D7FF60C}.Debug|iPhoneSimulator.Deploy.0 = Debug|Any CPU
		{5C10401F-9E48-492E-9575-958C1D7FF60C}.Debug|x64.ActiveCfg = Debug|Any CPU
		{5C10401F-9E48-492E-9575-958C1D7FF60C}.Debug|x64.Build.0 = Debug|Any CPU
		{5C10401F-9E48-492E-9575-958C1D7FF60C}.Debug|x64.Deploy.0 = Debug|Any CPU
		{5C10401F-9E48-492E-9575-958C1D7FF60C}.Debug|x86.ActiveCfg = Debug|Any CPU
		{5C10401F-9E48-492E-9575-958C1D7FF60C}.Debug|x86.Build.0 = Debug|Any CPU
		{5C10401F-9E48-492E-9575-958C1D7FF60C}.Debug|x86.Deploy.0 = Debug|Any CPU
		{5C10401F-9E48-492E-9575-958C1D7FF60C}.Release|Any CPU.ActiveCfg = Release|Any CPU
		{5C10401F-9E48-492E-9575-958C1D7FF60C}.Release|Any CPU.Build.0 = Release|Any CPU
		{5C10401F-9E48-492E-9575-958C1D7FF60C}.Release|Any CPU.Deploy.0 = Release|Any CPU
		{5C10401F-9E48-492E-9575-958C1D7FF60C}.Release|ARM.ActiveCfg = Release|Any CPU
		{5C10401F-9E48-492E-9575-958C1D7FF60C}.Release|ARM.Build.0 = Release|Any CPU
		{5C10401F-9E48-492E-9575-958C1D7FF60C}.Release|ARM.Deploy.0 = Release|Any CPU
		{5C10401F-9E48-492E-9575-958C1D7FF60C}.Release|iPhone.ActiveCfg = Release|Any CPU
		{5C10401F-9E48-492E-9575-958C1D7FF60C}.Release|iPhone.Build.0 = Release|Any CPU
		{5C10401F-9E48-492E-9575-958C1D7FF60C}.Release|iPhone.Deploy.0 = Release|Any CPU
		{5C10401F-9E48-492E-9575-958C1D7FF60C}.Release|iPhoneSimulator.ActiveCfg = Release|Any CPU
		{5C10401F-9E48-492E-9575-958C1D7FF60C}.Release|iPhoneSimulator.Build.0 = Release|Any CPU
		{5C10401F-9E48-492E-9575-958C1D7FF60C}.Release|iPhoneSimulator.Deploy.0 = Release|Any CPU
		{5C10401F-9E48-492E-9575-958C1D7FF60C}.Release|x64.ActiveCfg = Release|Any CPU
		{5C10401F-9E48-492E-9575-958C1D7FF60C}.Release|x64.Build.0 = Release|Any CPU
		{5C10401F-9E48-492E-9575-958C1D7FF60C}.Release|x64.Deploy.0 = Release|Any CPU
		{5C10401F-9E48-492E-9575-958C1D7FF60C}.Release|x86.ActiveCfg = Release|Any CPU
		{5C10401F-9E48-492E-9575-958C1D7FF60C}.Release|x86.Build.0 = Release|Any CPU
		{5C10401F-9E48-492E-9575-958C1D7FF60C}.Release|x86.Deploy.0 = Release|Any CPU
		{B209E0B7-05AF-4A8B-8B12-C48C498D4DD6}.Ad-Hoc|Any CPU.ActiveCfg = Ad-Hoc|iPhone
		{B209E0B7-05AF-4A8B-8B12-C48C498D4DD6}.Ad-Hoc|ARM.ActiveCfg = Ad-Hoc|iPhone
		{B209E0B7-05AF-4A8B-8B12-C48C498D4DD6}.Ad-Hoc|iPhone.ActiveCfg = Ad-Hoc|iPhone
		{B209E0B7-05AF-4A8B-8B12-C48C498D4DD6}.Ad-Hoc|iPhone.Build.0 = Ad-Hoc|iPhone
		{B209E0B7-05AF-4A8B-8B12-C48C498D4DD6}.Ad-Hoc|iPhoneSimulator.ActiveCfg = Ad-Hoc|iPhoneSimulator
		{B209E0B7-05AF-4A8B-8B12-C48C498D4DD6}.Ad-Hoc|iPhoneSimulator.Build.0 = Ad-Hoc|iPhoneSimulator
		{B209E0B7-05AF-4A8B-8B12-C48C498D4DD6}.Ad-Hoc|x64.ActiveCfg = Ad-Hoc|iPhone
		{B209E0B7-05AF-4A8B-8B12-C48C498D4DD6}.Ad-Hoc|x86.ActiveCfg = Ad-Hoc|iPhone
		{B209E0B7-05AF-4A8B-8B12-C48C498D4DD6}.AppStore|Any CPU.ActiveCfg = AppStore|iPhone
		{B209E0B7-05AF-4A8B-8B12-C48C498D4DD6}.AppStore|ARM.ActiveCfg = AppStore|iPhone
		{B209E0B7-05AF-4A8B-8B12-C48C498D4DD6}.AppStore|iPhone.ActiveCfg = AppStore|iPhone
		{B209E0B7-05AF-4A8B-8B12-C48C498D4DD6}.AppStore|iPhone.Build.0 = AppStore|iPhone
		{B209E0B7-05AF-4A8B-8B12-C48C498D4DD6}.AppStore|iPhoneSimulator.ActiveCfg = AppStore|iPhoneSimulator
		{B209E0B7-05AF-4A8B-8B12-C48C498D4DD6}.AppStore|iPhoneSimulator.Build.0 = AppStore|iPhoneSimulator
		{B209E0B7-05AF-4A8B-8B12-C48C498D4DD6}.AppStore|x64.ActiveCfg = AppStore|iPhone
		{B209E0B7-05AF-4A8B-8B12-C48C498D4DD6}.AppStore|x86.ActiveCfg = AppStore|iPhone
		{B209E0B7-05AF-4A8B-8B12-C48C498D4DD6}.Debug|Any CPU.ActiveCfg = Debug|iPhone
		{B209E0B7-05AF-4A8B-8B12-C48C498D4DD6}.Debug|ARM.ActiveCfg = Debug|iPhone
		{B209E0B7-05AF-4A8B-8B12-C48C498D4DD6}.Debug|iPhone.ActiveCfg = Debug|iPhone
		{B209E0B7-05AF-4A8B-8B12-C48C498D4DD6}.Debug|iPhone.Build.0 = Debug|iPhone
		{B209E0B7-05AF-4A8B-8B12-C48C498D4DD6}.Debug|iPhoneSimulator.ActiveCfg = Debug|iPhoneSimulator
		{B209E0B7-05AF-4A8B-8B12-C48C498D4DD6}.Debug|iPhoneSimulator.Build.0 = Debug|iPhoneSimulator
		{B209E0B7-05AF-4A8B-8B12-C48C498D4DD6}.Debug|x64.ActiveCfg = Debug|iPhone
		{B209E0B7-05AF-4A8B-8B12-C48C498D4DD6}.Debug|x86.ActiveCfg = Debug|iPhone
		{B209E0B7-05AF-4A8B-8B12-C48C498D4DD6}.Release|Any CPU.ActiveCfg = Release|iPhone
		{B209E0B7-05AF-4A8B-8B12-C48C498D4DD6}.Release|ARM.ActiveCfg = Release|iPhone
		{B209E0B7-05AF-4A8B-8B12-C48C498D4DD6}.Release|iPhone.ActiveCfg = Release|iPhone
		{B209E0B7-05AF-4A8B-8B12-C48C498D4DD6}.Release|iPhone.Build.0 = Release|iPhone
		{B209E0B7-05AF-4A8B-8B12-C48C498D4DD6}.Release|iPhoneSimulator.ActiveCfg = Release|iPhoneSimulator
		{B209E0B7-05AF-4A8B-8B12-C48C498D4DD6}.Release|iPhoneSimulator.Build.0 = Release|iPhoneSimulator
		{B209E0B7-05AF-4A8B-8B12-C48C498D4DD6}.Release|x64.ActiveCfg = Release|iPhone
		{B209E0B7-05AF-4A8B-8B12-C48C498D4DD6}.Release|x86.ActiveCfg = Release|iPhone
		{A76A6F14-7980-4B08-8632-D8F71DD79D1E}.Ad-Hoc|Any CPU.ActiveCfg = Release|x86
		{A76A6F14-7980-4B08-8632-D8F71DD79D1E}.Ad-Hoc|Any CPU.Build.0 = Release|x86
		{A76A6F14-7980-4B08-8632-D8F71DD79D1E}.Ad-Hoc|Any CPU.Deploy.0 = Release|x86
		{A76A6F14-7980-4B08-8632-D8F71DD79D1E}.Ad-Hoc|ARM.ActiveCfg = Release|ARM
		{A76A6F14-7980-4B08-8632-D8F71DD79D1E}.Ad-Hoc|ARM.Build.0 = Release|ARM
		{A76A6F14-7980-4B08-8632-D8F71DD79D1E}.Ad-Hoc|ARM.Deploy.0 = Release|ARM
		{A76A6F14-7980-4B08-8632-D8F71DD79D1E}.Ad-Hoc|iPhone.ActiveCfg = Release|x86
		{A76A6F14-7980-4B08-8632-D8F71DD79D1E}.Ad-Hoc|iPhone.Build.0 = Release|x86
		{A76A6F14-7980-4B08-8632-D8F71DD79D1E}.Ad-Hoc|iPhone.Deploy.0 = Release|x86
		{A76A6F14-7980-4B08-8632-D8F71DD79D1E}.Ad-Hoc|iPhoneSimulator.ActiveCfg = Release|x86
		{A76A6F14-7980-4B08-8632-D8F71DD79D1E}.Ad-Hoc|iPhoneSimulator.Build.0 = Release|x86
		{A76A6F14-7980-4B08-8632-D8F71DD79D1E}.Ad-Hoc|iPhoneSimulator.Deploy.0 = Release|x86
		{A76A6F14-7980-4B08-8632-D8F71DD79D1E}.Ad-Hoc|x64.ActiveCfg = Release|x64
		{A76A6F14-7980-4B08-8632-D8F71DD79D1E}.Ad-Hoc|x64.Build.0 = Release|x64
		{A76A6F14-7980-4B08-8632-D8F71DD79D1E}.Ad-Hoc|x64.Deploy.0 = Release|x64
		{A76A6F14-7980-4B08-8632-D8F71DD79D1E}.Ad-Hoc|x86.ActiveCfg = Release|x86
		{A76A6F14-7980-4B08-8632-D8F71DD79D1E}.Ad-Hoc|x86.Build.0 = Release|x86
		{A76A6F14-7980-4B08-8632-D8F71DD79D1E}.Ad-Hoc|x86.Deploy.0 = Release|x86
		{A76A6F14-7980-4B08-8632-D8F71DD79D1E}.AppStore|Any CPU.ActiveCfg = Release|x86
		{A76A6F14-7980-4B08-8632-D8F71DD79D1E}.AppStore|Any CPU.Build.0 = Release|x86
		{A76A6F14-7980-4B08-8632-D8F71DD79D1E}.AppStore|Any CPU.Deploy.0 = Release|x86
		{A76A6F14-7980-4B08-8632-D8F71DD79D1E}.AppStore|ARM.ActiveCfg = Release|ARM
		{A76A6F14-7980-4B08-8632-D8F71DD79D1E}.AppStore|ARM.Build.0 = Release|ARM
		{A76A6F14-7980-4B08-8632-D8F71DD79D1E}.AppStore|ARM.Deploy.0 = Release|ARM
		{A76A6F14-7980-4B08-8632-D8F71DD79D1E}.AppStore|iPhone.ActiveCfg = Release|x86
		{A76A6F14-7980-4B08-8632-D8F71DD79D1E}.AppStore|iPhone.Build.0 = Release|x86
		{A76A6F14-7980-4B08-8632-D8F71DD79D1E}.AppStore|iPhone.Deploy.0 = Release|x86
		{A76A6F14-7980-4B08-8632-D8F71DD79D1E}.AppStore|iPhoneSimulator.ActiveCfg = Release|x86
		{A76A6F14-7980-4B08-8632-D8F71DD79D1E}.AppStore|iPhoneSimulator.Build.0 = Release|x86
		{A76A6F14-7980-4B08-8632-D8F71DD79D1E}.AppStore|iPhoneSimulator.Deploy.0 = Release|x86
		{A76A6F14-7980-4B08-8632-D8F71DD79D1E}.AppStore|x64.ActiveCfg = Release|x64
		{A76A6F14-7980-4B08-8632-D8F71DD79D1E}.AppStore|x64.Build.0 = Release|x64
		{A76A6F14-7980-4B08-8632-D8F71DD79D1E}.AppStore|x64.Deploy.0 = Release|x64
		{A76A6F14-7980-4B08-8632-D8F71DD79D1E}.AppStore|x86.ActiveCfg = Release|x86
		{A76A6F14-7980-4B08-8632-D8F71DD79D1E}.AppStore|x86.Build.0 = Release|x86
		{A76A6F14-7980-4B08-8632-D8F71DD79D1E}.AppStore|x86.Deploy.0 = Release|x86
		{A76A6F14-7980-4B08-8632-D8F71DD79D1E}.Debug|Any CPU.ActiveCfg = Debug|x86
		{A76A6F14-7980-4B08-8632-D8F71DD79D1E}.Debug|ARM.ActiveCfg = Debug|ARM
		{A76A6F14-7980-4B08-8632-D8F71DD79D1E}.Debug|ARM.Build.0 = Debug|ARM
		{A76A6F14-7980-4B08-8632-D8F71DD79D1E}.Debug|ARM.Deploy.0 = Debug|ARM
		{A76A6F14-7980-4B08-8632-D8F71DD79D1E}.Debug|iPhone.ActiveCfg = Debug|x86
		{A76A6F14-7980-4B08-8632-D8F71DD79D1E}.Debug|iPhoneSimulator.ActiveCfg = Debug|x86
		{A76A6F14-7980-4B08-8632-D8F71DD79D1E}.Debug|x64.ActiveCfg = Debug|x64
		{A76A6F14-7980-4B08-8632-D8F71DD79D1E}.Debug|x64.Build.0 = Debug|x64
		{A76A6F14-7980-4B08-8632-D8F71DD79D1E}.Debug|x64.Deploy.0 = Debug|x64
		{A76A6F14-7980-4B08-8632-D8F71DD79D1E}.Debug|x86.ActiveCfg = Debug|x86
		{A76A6F14-7980-4B08-8632-D8F71DD79D1E}.Debug|x86.Build.0 = Debug|x86
		{A76A6F14-7980-4B08-8632-D8F71DD79D1E}.Debug|x86.Deploy.0 = Debug|x86
		{A76A6F14-7980-4B08-8632-D8F71DD79D1E}.Release|Any CPU.ActiveCfg = Release|x86
		{A76A6F14-7980-4B08-8632-D8F71DD79D1E}.Release|ARM.ActiveCfg = Release|ARM
		{A76A6F14-7980-4B08-8632-D8F71DD79D1E}.Release|ARM.Build.0 = Release|ARM
		{A76A6F14-7980-4B08-8632-D8F71DD79D1E}.Release|ARM.Deploy.0 = Release|ARM
		{A76A6F14-7980-4B08-8632-D8F71DD79D1E}.Release|iPhone.ActiveCfg = Release|x86
		{A76A6F14-7980-4B08-8632-D8F71DD79D1E}.Release|iPhoneSimulator.ActiveCfg = Release|x86
		{A76A6F14-7980-4B08-8632-D8F71DD79D1E}.Release|x64.ActiveCfg = Release|x64
		{A76A6F14-7980-4B08-8632-D8F71DD79D1E}.Release|x64.Build.0 = Release|x64
		{A76A6F14-7980-4B08-8632-D8F71DD79D1E}.Release|x64.Deploy.0 = Release|x64
		{A76A6F14-7980-4B08-8632-D8F71DD79D1E}.Release|x86.ActiveCfg = Release|x86
		{A76A6F14-7980-4B08-8632-D8F71DD79D1E}.Release|x86.Build.0 = Release|x86
		{A76A6F14-7980-4B08-8632-D8F71DD79D1E}.Release|x86.Deploy.0 = Release|x86
		{95DD99D7-1CFF-457D-B86D-24D574FE8640}.Ad-Hoc|Any CPU.ActiveCfg = Debug|Any CPU
		{95DD99D7-1CFF-457D-B86D-24D574FE8640}.Ad-Hoc|Any CPU.Build.0 = Debug|Any CPU
		{95DD99D7-1CFF-457D-B86D-24D574FE8640}.Ad-Hoc|ARM.ActiveCfg = Debug|Any CPU
		{95DD99D7-1CFF-457D-B86D-24D574FE8640}.Ad-Hoc|ARM.Build.0 = Debug|Any CPU
		{95DD99D7-1CFF-457D-B86D-24D574FE8640}.Ad-Hoc|iPhone.ActiveCfg = Debug|Any CPU
		{95DD99D7-1CFF-457D-B86D-24D574FE8640}.Ad-Hoc|iPhone.Build.0 = Debug|Any CPU
		{95DD99D7-1CFF-457D-B86D-24D574FE8640}.Ad-Hoc|iPhoneSimulator.ActiveCfg = Debug|Any CPU
		{95DD99D7-1CFF-457D-B86D-24D574FE8640}.Ad-Hoc|iPhoneSimulator.Build.0 = Debug|Any CPU
		{95DD99D7-1CFF-457D-B86D-24D574FE8640}.Ad-Hoc|x64.ActiveCfg = Debug|Any CPU
		{95DD99D7-1CFF-457D-B86D-24D574FE8640}.Ad-Hoc|x64.Build.0 = Debug|Any CPU
		{95DD99D7-1CFF-457D-B86D-24D574FE8640}.Ad-Hoc|x86.ActiveCfg = Debug|Any CPU
		{95DD99D7-1CFF-457D-B86D-24D574FE8640}.Ad-Hoc|x86.Build.0 = Debug|Any CPU
		{95DD99D7-1CFF-457D-B86D-24D574FE8640}.AppStore|Any CPU.ActiveCfg = Debug|Any CPU
		{95DD99D7-1CFF-457D-B86D-24D574FE8640}.AppStore|Any CPU.Build.0 = Debug|Any CPU
		{95DD99D7-1CFF-457D-B86D-24D574FE8640}.AppStore|ARM.ActiveCfg = Debug|Any CPU
		{95DD99D7-1CFF-457D-B86D-24D574FE8640}.AppStore|ARM.Build.0 = Debug|Any CPU
		{95DD99D7-1CFF-457D-B86D-24D574FE8640}.AppStore|iPhone.ActiveCfg = Debug|Any CPU
		{95DD99D7-1CFF-457D-B86D-24D574FE8640}.AppStore|iPhone.Build.0 = Debug|Any CPU
		{95DD99D7-1CFF-457D-B86D-24D574FE8640}.AppStore|iPhoneSimulator.ActiveCfg = Debug|Any CPU
		{95DD99D7-1CFF-457D-B86D-24D574FE8640}.AppStore|iPhoneSimulator.Build.0 = Debug|Any CPU
		{95DD99D7-1CFF-457D-B86D-24D574FE8640}.AppStore|x64.ActiveCfg = Debug|Any CPU
		{95DD99D7-1CFF-457D-B86D-24D574FE8640}.AppStore|x64.Build.0 = Debug|Any CPU
		{95DD99D7-1CFF-457D-B86D-24D574FE8640}.AppStore|x86.ActiveCfg = Debug|Any CPU
		{95DD99D7-1CFF-457D-B86D-24D574FE8640}.AppStore|x86.Build.0 = Debug|Any CPU
		{95DD99D7-1CFF-457D-B86D-24D574FE8640}.Debug|Any CPU.ActiveCfg = Debug|Any CPU
		{95DD99D7-1CFF-457D-B86D-24D574FE8640}.Debug|Any CPU.Build.0 = Debug|Any CPU
		{95DD99D7-1CFF-457D-B86D-24D574FE8640}.Debug|ARM.ActiveCfg = Debug|Any CPU
		{95DD99D7-1CFF-457D-B86D-24D574FE8640}.Debug|ARM.Build.0 = Debug|Any CPU
		{95DD99D7-1CFF-457D-B86D-24D574FE8640}.Debug|iPhone.ActiveCfg = Debug|Any CPU
		{95DD99D7-1CFF-457D-B86D-24D574FE8640}.Debug|iPhone.Build.0 = Debug|Any CPU
		{95DD99D7-1CFF-457D-B86D-24D574FE8640}.Debug|iPhoneSimulator.ActiveCfg = Debug|Any CPU
		{95DD99D7-1CFF-457D-B86D-24D574FE8640}.Debug|iPhoneSimulator.Build.0 = Debug|Any CPU
		{95DD99D7-1CFF-457D-B86D-24D574FE8640}.Debug|x64.ActiveCfg = Debug|Any CPU
		{95DD99D7-1CFF-457D-B86D-24D574FE8640}.Debug|x64.Build.0 = Debug|Any CPU
		{95DD99D7-1CFF-457D-B86D-24D574FE8640}.Debug|x86.ActiveCfg = Debug|Any CPU
		{95DD99D7-1CFF-457D-B86D-24D574FE8640}.Debug|x86.Build.0 = Debug|Any CPU
		{95DD99D7-1CFF-457D-B86D-24D574FE8640}.Release|Any CPU.ActiveCfg = Release|Any CPU
		{95DD99D7-1CFF-457D-B86D-24D574FE8640}.Release|Any CPU.Build.0 = Release|Any CPU
		{95DD99D7-1CFF-457D-B86D-24D574FE8640}.Release|ARM.ActiveCfg = Release|Any CPU
		{95DD99D7-1CFF-457D-B86D-24D574FE8640}.Release|ARM.Build.0 = Release|Any CPU
		{95DD99D7-1CFF-457D-B86D-24D574FE8640}.Release|iPhone.ActiveCfg = Release|Any CPU
		{95DD99D7-1CFF-457D-B86D-24D574FE8640}.Release|iPhone.Build.0 = Release|Any CPU
		{95DD99D7-1CFF-457D-B86D-24D574FE8640}.Release|iPhoneSimulator.ActiveCfg = Release|Any CPU
		{95DD99D7-1CFF-457D-B86D-24D574FE8640}.Release|iPhoneSimulator.Build.0 = Release|Any CPU
		{95DD99D7-1CFF-457D-B86D-24D574FE8640}.Release|x64.ActiveCfg = Release|Any CPU
		{95DD99D7-1CFF-457D-B86D-24D574FE8640}.Release|x64.Build.0 = Release|Any CPU
		{95DD99D7-1CFF-457D-B86D-24D574FE8640}.Release|x86.ActiveCfg = Release|Any CPU
		{95DD99D7-1CFF-457D-B86D-24D574FE8640}.Release|x86.Build.0 = Release|Any CPU
	EndGlobalSection
	GlobalSection(SolutionProperties) = preSolution
		HideSolutionNode = FALSE
	EndGlobalSection
	GlobalSection(ExtensibilityGlobals) = postSolution
		SolutionGuid = {90F54F91-369E-4BED-A190-3908C65CFF34}
	EndGlobalSection
EndGlobal
